
Microsoft Visual Studio Solution File, Format Version 12.00
# Visual Studio Version 17
VisualStudioVersion = 17.6.33815.320
MinimumVisualStudioVersion = 10.0.40219.1
Project("{FAE04EC0-301F-11D3-BF4B-00C04F79EFBC}") = "POE_1", "POE_1.csproj", "{4D1F49FA-1799-4C13-89B9-D40E4B20ABB3}"
EndProject
Global
	GlobalSection(SolutionConfigurationPlatforms) = preSolution
		Debug|Any CPU = Debug|Any CPU
		Release|Any CPU = Release|Any CPU
	EndGlobalSection
	GlobalSection(ProjectConfigurationPlatforms) = postSolution
		{4D1F49FA-1799-4C13-89B9-D40E4B20ABB3}.Debug|Any CPU.ActiveCfg = Debug|Any CPU
		{4D1F49FA-1799-4C13-89B9-D40E4B20ABB3}.Debug|Any CPU.Build.0 = Debug|Any CPU
		{4D1F49FA-1799-4C13-89B9-D40E4B20ABB3}.Release|Any CPU.ActiveCfg = Release|Any CPU
		{4D1F49FA-1799-4C13-89B9-D40E4B20ABB3}.Release|Any CPU.Build.0 = Release|Any CPU
	EndGlobalSection
	GlobalSection(SolutionProperties) = preSolution
		HideSolutionNode = FALSE
	EndGlobalSection
	GlobalSection(ExtensibilityGlobals) = postSolution
		SolutionGuid = {EBCD9AE2-53B0-475B-9031-B7AC158D05BA}
	EndGlobalSection
EndGlobal
